
Microsoft Visual Studio Solution File, Format Version 12.00
# Visual Studio 15
VisualStudioVersion = 15.0.26730.16
MinimumVisualStudioVersion = 10.0.40219.1
Project("{FAE04EC0-301F-11D3-BF4B-00C04F79EFBC}") = "WorkWithExcel", "WorkWithExel\WorkWithExcel.csproj", "{409B38B8-5EB8-4663-8EE2-FE0E80D2752A}"
EndProject
Project("{FAE04EC0-301F-11D3-BF4B-00C04F79EFBC}") = "WorkWithExcel.BL", "WorkWithExcel.BL\WorkWithExcel.BL.csproj", "{D83BE374-B0D7-4F0B-AF59-D5E46184C9DA}"
EndProject
Project("{FAE04EC0-301F-11D3-BF4B-00C04F79EFBC}") = "WorkWithExcel.Abstract", "WorkWithExcel.Abstract\WorkWithExcel.Abstract.csproj", "{0A4DC967-80F7-4630-8876-F9FA93A68AB2}"
EndProject
Project("{FAE04EC0-301F-11D3-BF4B-00C04F79EFBC}") = "WorkWithExcel.Model", "WorkWithExcel.Model\WorkWithExcel.Model.csproj", "{3F34A6CC-E0DD-4768-8523-E9D6B1A49988}"
EndProject
Global
	GlobalSection(SolutionConfigurationPlatforms) = preSolution
		Debug|Any CPU = Debug|Any CPU
		Release|Any CPU = Release|Any CPU
	EndGlobalSection
	GlobalSection(ProjectConfigurationPlatforms) = postSolution
		{409B38B8-5EB8-4663-8EE2-FE0E80D2752A}.Debug|Any CPU.ActiveCfg = Debug|Any CPU
		{409B38B8-5EB8-4663-8EE2-FE0E80D2752A}.Debug|Any CPU.Build.0 = Debug|Any CPU
		{409B38B8-5EB8-4663-8EE2-FE0E80D2752A}.Release|Any CPU.ActiveCfg = Release|Any CPU
		{409B38B8-5EB8-4663-8EE2-FE0E80D2752A}.Release|Any CPU.Build.0 = Release|Any CPU
		{D83BE374-B0D7-4F0B-AF59-D5E46184C9DA}.Debug|Any CPU.ActiveCfg = Debug|Any CPU
		{D83BE374-B0D7-4F0B-AF59-D5E46184C9DA}.Debug|Any CPU.Build.0 = Debug|Any CPU
		{D83BE374-B0D7-4F0B-AF59-D5E46184C9DA}.Release|Any CPU.ActiveCfg = Release|Any CPU
		{D83BE374-B0D7-4F0B-AF59-D5E46184C9DA}.Release|Any CPU.Build.0 = Release|Any CPU
		{0A4DC967-80F7-4630-8876-F9FA93A68AB2}.Debug|Any CPU.ActiveCfg = Debug|Any CPU
		{0A4DC967-80F7-4630-8876-F9FA93A68AB2}.Debug|Any CPU.Build.0 = Debug|Any CPU
		{0A4DC967-80F7-4630-8876-F9FA93A68AB2}.Release|Any CPU.ActiveCfg = Release|Any CPU
		{0A4DC967-80F7-4630-8876-F9FA93A68AB2}.Release|Any CPU.Build.0 = Release|Any CPU
		{3F34A6CC-E0DD-4768-8523-E9D6B1A49988}.Debug|Any CPU.ActiveCfg = Debug|Any CPU
		{3F34A6CC-E0DD-4768-8523-E9D6B1A49988}.Debug|Any CPU.Build.0 = Debug|Any CPU
		{3F34A6CC-E0DD-4768-8523-E9D6B1A49988}.Release|Any CPU.ActiveCfg = Release|Any CPU
		{3F34A6CC-E0DD-4768-8523-E9D6B1A49988}.Release|Any CPU.Build.0 = Release|Any CPU
	EndGlobalSection
	GlobalSection(SolutionProperties) = preSolution
		HideSolutionNode = FALSE
	EndGlobalSection
	GlobalSection(ExtensibilityGlobals) = postSolution
		SolutionGuid = {A9EB2C12-79FD-4F7F-B03D-6F2BBCBE9575}
	EndGlobalSection
EndGlobal
